Microsoft Visual Studio Solution File, Format Version 12.00
# Visual Studio Version 17
VisualStudioVersion = 17.5.2.0
MinimumVisualStudioVersion = 10.0.40219.1
Project("{FAE04EC0-301F-11D3-BF4B-00C04F79EFBC}") = "DemoDis", "DemoDis.csproj", "{9B95F0AD-AD4E-CB3F-27E3-EA02F2BE1CC3}"
EndProject
Global
	GlobalSection(SolutionConfigurationPlatforms) = preSolution
		Debug|Any CPU = Debug|Any CPU
		Release|Any CPU = Release|Any CPU
	EndGlobalSection
	GlobalSection(ProjectConfigurationPlatforms) = postSolution
		{9B95F0AD-AD4E-CB3F-27E3-EA02F2BE1CC3}.Debug|Any CPU.ActiveCfg = Debug|Any CPU
		{9B95F0AD-AD4E-CB3F-27E3-EA02F2BE1CC3}.Debug|Any CPU.Build.0 = Debug|Any CPU
		{9B95F0AD-AD4E-CB3F-27E3-EA02F2BE1CC3}.Release|Any CPU.ActiveCfg = Release|Any CPU
		{9B95F0AD-AD4E-CB3F-27E3-EA02F2BE1CC3}.Release|Any CPU.Build.0 = Release|Any CPU
	EndGlobalSection
	GlobalSection(SolutionProperties) = preSolution
		HideSolutionNode = FALSE
	EndGlobalSection
	GlobalSection(ExtensibilityGlobals) = postSolution
		SolutionGuid = {10D5EBD8-4D57-4C92-A79A-D8589D5EE9FA}
	EndGlobalSection
EndGlobal
